
Microsoft Visual Studio Solution File, Format Version 12.00
# Visual Studio Version 17
VisualStudioVersion = 17.4.33213.308
MinimumVisualStudioVersion = 10.0.40219.1
Project("{FAE04EC0-301F-11D3-BF4B-00C04F79EFBC}") = "GUI_Drogueria_La_Rebaja", "GUI_Drogueria_La_Rebaja\GUI_Drogueria_La_Rebaja.csproj", "{54D501DD-86A6-47B8-BE5E-BC0786FBE11E}"
EndProject
Global
	GlobalSection(SolutionConfigurationPlatforms) = preSolution
		Debug|Any CPU = Debug|Any CPU
		Release|Any CPU = Release|Any CPU
	EndGlobalSection
	GlobalSection(ProjectConfigurationPlatforms) = postSolution
		{54D501DD-86A6-47B8-BE5E-BC0786FBE11E}.Debug|Any CPU.ActiveCfg = Debug|Any CPU
		{54D501DD-86A6-47B8-BE5E-BC0786FBE11E}.Debug|Any CPU.Build.0 = Debug|Any CPU
		{54D501DD-86A6-47B8-BE5E-BC0786FBE11E}.Release|Any CPU.ActiveCfg = Release|Any CPU
		{54D501DD-86A6-47B8-BE5E-BC0786FBE11E}.Release|Any CPU.Build.0 = Release|Any CPU
	EndGlobalSection
	GlobalSection(SolutionProperties) = preSolution
		HideSolutionNode = FALSE
	EndGlobalSection
	GlobalSection(ExtensibilityGlobals) = postSolution
		SolutionGuid = {278574EE-61EA-4DD6-BC53-5EDF23E457BC}
	EndGlobalSection
EndGlobal
